{
  "name": "vlogger",
  "version": "1.0.0",
  "lockfileVersion": 3,
  "requires": true,
  "packages": {
    "": {
      "name": "vlogger",
      "version": "1.0.0",
      "license": "MIT",
      "dependencies": {
        "vlogger": "github:ksnjkdppdojdim-star/vlogger"
      },
      "bin": {
        "vlg": "cli/vlg.js"
      },
      "engines": {
        "node": ">=14.0.0"
      }
    },
    "node_modules/vlogger": {
      "version": "1.0.0",
      "resolved": "git+ssh://git@github.com/ksnjkdppdojdim-star/vlogger.git#b10545b7798d299ed4461f0e542c7a1870e1a9d1",
      "license": "MIT",
      "bin": {
        "vlg": "cli/vlg.js"
      },
      "engines": {
        "node": ">=14.0.0"
      }
    }
  }
}
