{
  "name": "vlogger",
  "version": "1.5.12",
  "lockfileVersion": 3,
  "requires": true,
  "packages": {
    "": {
      "name": "vlogger",
      "version": "1.5.12",
      "license": "MIT",
      "dependencies": {
        "vlogger": "file:vlogger-1.5.12.tgz"
      }
    },
    "node_modules/vlogger": {
      "version": "1.5.12",
      "resolved": "file:vlogger-1.5.12.tgz",
      "integrity": "sha512-CzIqV+ensquEnKi6gIZKcd23rHTLSvuBbGA5PNlpxlqh/oRxBMa/SvqzM4Dc4JzhYn3iO94H7/tGcSrn0y9faw==",
      "license": "MIT"
    }
  }
}
